
Microsoft Visual Studio Solution File, Format Version 12.00
# Visual Studio Version 16
VisualStudioVersion = 16.0.30104.148
MinimumVisualStudioVersion = 10.0.40219.1
Project("{888888A0-9F3D-457C-B088-3A5042F75D52}") = "Tsnake", "Tsnake\Tsnake.pyproj", "{B67CD720-E641-4C1F-A476-8A69573B6F8E}"
EndProject
Global
	GlobalSection(SolutionConfigurationPlatforms) = preSolution
		Debug|Any CPU = Debug|Any CPU
		Release|Any CPU = Release|Any CPU
	EndGlobalSection
	GlobalSection(ProjectConfigurationPlatforms) = postSolution
		{B67CD720-E641-4C1F-A476-8A69573B6F8E}.Debug|Any CPU.ActiveCfg = Debug|Any CPU
		{B67CD720-E641-4C1F-A476-8A69573B6F8E}.Release|Any CPU.ActiveCfg = Release|Any CPU
	EndGlobalSection
	GlobalSection(SolutionProperties) = preSolution
		HideSolutionNode = FALSE
	EndGlobalSection
	GlobalSection(ExtensibilityGlobals) = postSolution
		SolutionGuid = {0FB3F0F8-6C68-4A5C-ACD4-01C5EB53E8F1}
	EndGlobalSection
EndGlobal
